// !$*UTF8*$!
{
	archiveVersion = 1;
	classes = {
	};
	objectVersion = 50;
	objects = {

/* Begin PBXBuildFile section */
		4005552B25AC50C30063AFAB /* AppDelegate.swift in Sources */ = {isa = PBXBuildFile; fileRef = 4005552A25AC50C30063AFAB /* AppDelegate.swift */; };
		4005552D25AC50C30063AFAB /* SceneDelegate.swift in Sources */ = {isa = PBXBuildFile; fileRef = 4005552C25AC50C30063AFAB /* SceneDelegate.swift */; };
		4005552F25AC50C30063AFAB /* ViewController.swift in Sources */ = {isa = PBXBuildFile; fileRef = 4005552E25AC50C30063AFAB /* ViewController.swift */; };
		4005553225AC50C30063AFAB /* Main.storyboard in Resources */ = {isa = PBXBuildFile; fileRef = 4005553025AC50C30063AFAB /* Main.storyboard */; };
		4005553525AC50C30063AFAB /* plannerAPP.xcdatamodeld in Sources */ = {isa = PBXBuildFile; fileRef = 4005553325AC50C30063AFAB /* plannerAPP.xcdatamodeld */; };
		4005553725AC50C50063AFAB /* Assets.xcassets in Resources */ = {isa = PBXBuildFile; fileRef = 4005553625AC50C50063AFAB /* Assets.xcassets */; };
		4005553A25AC50C50063AFAB /* LaunchScreen.storyboard in Resources */ = {isa = PBXBuildFile; fileRef = 4005553825AC50C50063AFAB /* LaunchScreen.storyboard */; };
/* End PBXBuildFile section */

/* Begin PBXFileReference section */
		4005552725AC50C30063AFAB /* plannerAPP.app */ = {isa = PBXFileReference; explicitFileType = wrapper.application; includeInIndex = 0; path = plannerAPP.app; sourceTree = BUILT_PRODUCTS_DIR; };
		4005552A25AC50C30063AFAB /* AppDelegate.swift */ = {isa = PBXFileReference; lastKnownFileType = sourcecode.swift; path = AppDelegate.swift; sourceTree = "<group>"; };
		4005552C25AC50C30063AFAB /* SceneDelegate.swift */ = {isa = PBXFileReference; lastKnownFileType = sourcecode.swift; path = SceneDelegate.swift; sourceTree = "<group>"; };
		4005552E25AC50C30063AFAB /* ViewController.swift */ = {isa = PBXFileReference; lastKnownFileType = sourcecode.swift; path = ViewController.swift; sourceTree = "<group>"; };
		4005553125AC50C30063AFAB /* Base */ = {isa = PBXFileReference; lastKnownFileType = file.storyboard; name = Base; path = Base.lproj/Main.storyboard; sourceTree = "<group>"; };
		4005553425AC50C30063AFAB /* plannerAPP.xcdatamodel */ = {isa = PBXFileReference; lastKnownFileType = wrapper.xcdatamodel; path = plannerAPP.xcdatamodel; sourceTree = "<group>"; };
		4005553625AC50C50063AFAB /* Assets.xcassets */ = {isa = PBXFileReference; lastKnownFileType = folder.assetcatalog; path = Assets.xcassets; sourceTree = "<group>"; };
		4005553925AC50C50063AFAB /* Base */ = {isa = PBXFileReference; lastKnownFileType = file.storyboard; name = Base; path = Base.lproj/LaunchScreen.storyboard; sourceTree = "<group>"; };
		4005553B25AC50C50063AFAB /* Info.plist */ = {isa = PBXFileReference; lastKnownFileType = text.plist.xml; path = Info.plist; sourceTree = "<group>"; };
/* End PBXFileReference section */

/* Begin PBXFrameworksBuildPhase section */
		4005552425AC50C30063AFAB /* Frameworks */ = {
			isa = PBXFrameworksBuildPhase;
			buildActionMask = 2147483647;
			files = (
			);
			runOnlyForDeploymentPostprocessing = 0;
		};
/* End PBXFrameworksBuildPhase section */

/* Begin PBXGroup section */
		4005551E25AC50C30063AFAB = {
			isa = PBXGroup;
			children = (
				4005552925AC50C30063AFAB /* plannerAPP */,
				4005552825AC50C30063AFAB /* Products */,
			);
			sourceTree = "<group>";
		};
		4005552825AC50C30063AFAB /* Products */ = {
			isa = PBXGroup;
			children = (
				4005552725AC50C30063AFAB /* plannerAPP.app */,
			);
			name = Products;
			sourceTree = "<group>";
		};
		4005552925AC50C30063AFAB /* plannerAPP */ = {
			isa = PBXGroup;
			children = (
				4005552A25AC50C30063AFAB /* AppDelegate.swift */,
				4005552C25AC50C30063AFAB /* SceneDelegate.swift */,
				4005552E25AC50C30063AFAB /* ViewController.swift */,
				4005553025AC50C30063AFAB /* Main.storyboard */,
				4005553625AC50C50063AFAB /* Assets.xcassets */,
				4005553825AC50C50063AFAB /* LaunchScreen.storyboard */,
				4005553B25AC50C50063AFAB /* Info.plist */,
				4005553325AC50C30063AFAB /* plannerAPP.xcdatamodeld */,
			);
			path = plannerAPP;
			sourceTree = "<group>";
		};
/* End PBXGroup section */

/* Begin PBXNativeTarget section */
		4005552625AC50C30063AFAB /* plannerAPP */ = {
			isa = PBXNativeTarget;
			buildConfigurationList = 4005553E25AC50C50063AFAB /* Build configuration list for PBXNativeTarget "plannerAPP" */;
			buildPhases = (
				4005552325AC50C30063AFAB /* Sources */,
				4005552425AC50C30063AFAB /* Frameworks */,
				4005552525AC50C30063AFAB /* Resources */,
			);
			buildRules = (
			);
			dependencies = (
			);
			name = plannerAPP;
			productName = plannerAPP;
			productReference = 4005552725AC50C30063AFAB /* plannerAPP.app */;
			productType = "com.apple.product-type.application";
		};
/* End PBXNativeTarget section */

/* Begin PBXProject section */
		4005551F25AC50C30063AFAB /* Project object */ = {
			isa = PBXProject;
			attributes = {
				LastSwiftUpdateCheck = 1200;
				LastUpgradeCheck = 1200;
				TargetAttributes = {
					4005552625AC50C30063AFAB = {
						CreatedOnToolsVersion = 12.0.1;
					};
				};
			};
			buildConfigurationList = 4005552225AC50C30063AFAB /* Build configuration list for PBXProject "plannerAPP" */;
			compatibilityVersion = "Xcode 9.3";
			developmentRegion = en;
			hasScannedForEncodings = 0;
			knownRegions = (
				en,
				Base,
			);
			mainGroup = 4005551E25AC50C30063AFAB;
			productRefGroup = 4005552825AC50C30063AFAB /* Products */;
			projectDirPath = "";
			projectRoot = "";
			targets = (
				4005552625AC50C30063AFAB /* plannerAPP */,
			);
		};
/* End PBXProject section */

/* Begin PBXResourcesBuildPhase section */
		4005552525AC50C30063AFAB /* Resources */ = {
			isa = PBXResourcesBuildPhase;
			buildActionMask = 2147483647;
			files = (
				4005553A25AC50C50063AFAB /* LaunchScreen.storyboard in Resources */,
				4005553725AC50C50063AFAB /* Assets.xcassets in Resources */,
				4005553225AC50C30063AFAB /* Main.storyboard in Resources */,
			);
			runOnlyForDeploymentPostprocessing = 0;
		};
/* End PBXResourcesBuildPhase section */

/* Begin PBXSourcesBuildPhase section */
		4005552325AC50C30063AFAB /* Sources */ = {
			isa = PBXSourcesBuildPhase;
			buildActionMask = 2147483647;
			files = (
				4005553525AC50C30063AFAB /* plannerAPP.xcdatamodeld in Sources */,
				4005552F25AC50C30063AFAB /* ViewController.swift in Sources */,
				4005552B25AC50C30063AFAB /* AppDelegate.swift in Sources */,
				4005552D25AC50C30063AFAB /* SceneDelegate.swift in Sources */,
			);
			runOnlyForDeploymentPostprocessing = 0;
		};
/* End PBXSourcesBuildPhase section */

/* Begin PBXVariantGroup section */
		4005553025AC50C30063AFAB /* Main.storyboard */ = {
			isa = PBXVariantGroup;
			children = (
				4005553125AC50C30063AFAB /* Base */,
			);
			name = Main.storyboard;
			sourceTree = "<group>";
		};
		4005553825AC50C50063AFAB /* LaunchScreen.storyboard */ = {
			isa = PBXVariantGroup;
			children = (
				4005553925AC50C50063AFAB /* Base */,
			);
			name = LaunchScreen.storyboard;
			sourceTree = "<group>";
		};
/* End PBXVariantGroup section */

/* Begin XCBuildConfiguration section */
		4005553C25AC50C50063AFAB /* Debug */ = {
			isa = XCBuildConfiguration;
			buildSettings = {
				ALWAYS_SEARCH_USER_PATHS = NO;
				CLANG_ANALYZER_NONNULL = YES;
				CLANG_ANALYZER_NUMBER_OBJECT_CONVERSION = YES_AGGRESSIVE;
				CLANG_CXX_LANGUAGE_STANDARD = "gnu++14";
				CLANG_CXX_LIBRARY = "libc++";
				CLANG_ENABLE_MODULES = YES;
				CLANG_ENABLE_OBJC_ARC = YES;
				CLANG_ENABLE_OBJC_WEAK = YES;
				CLANG_WARN_BLOCK_CAPTURE_AUTORELEASING = YES;
				CLANG_WARN_BOOL_CONVERSION = YES;
				CLANG_WARN_COMMA = YES;
				CLANG_WARN_CONSTANT_CONVERSION = YES;
				CLANG_WARN_DEPRECATED_OBJC_IMPLEMENTATIONS = YES;
				CLANG_WARN_DIRECT_OBJC_ISA_USAGE = YES_ERROR;
				CLANG_WARN_DOCUMENTATION_COMMENTS = YES;
				CLANG_WARN_EMPTY_BODY = YES;
				CLANG_WARN_ENUM_CONVERSION = YES;
				CLANG_WARN_INFINITE_RECURSION = YES;
				CLANG_WARN_INT_CONVERSION = YES;
				CLANG_WARN_NON_LITERAL_NULL_CONVERSION = YES;
				CLANG_WARN_OBJC_IMPLICIT_RETAIN_SELF = YES;
				CLANG_WARN_OBJC_LITERAL_CONVERSION = YES;
				CLANG_WARN_OBJC_ROOT_CLASS = YES_ERROR;
				CLANG_WARN_QUOTED_INCLUDE_IN_FRAMEWORK_HEADER = YES;
				CLANG_WARN_RANGE_LOOP_ANALYSIS = YES;
				CLANG_WARN_STRICT_PROTOTYPES = YES;
				CLANG_WARN_SUSPICIOUS_MOVE = YES;
				CLANG_WARN_UNGUARDED_AVAILABILITY = YES_AGGRESSIVE;
				CLANG_WARN_UNREACHABLE_CODE = YES;
				CLANG_WARN__DUPLICATE_METHOD_MATCH = YES;
				COPY_PHASE_STRIP = NO;
				DEBUG_INFORMATION_FORMAT = dwarf;
				ENABLE_STRICT_OBJC_MSGSEND = YES;
				ENABLE_TESTABILITY = YES;
				GCC_C_LANGUAGE_STANDARD = gnu11;
				GCC_DYNAMIC_NO_PIC = NO;
				GCC_NO_COMMON_BLOCKS = YES;
				GCC_OPTIMIZATION_LEVEL = 0;
				GCC_PREPROCESSOR_DEFINITIONS = (
					"DEBUG=1",
					"$(inherited)",
				);
				GCC_WARN_64_TO_32_BIT_CONVERSION = YES;
				GCC_WARN_ABOUT_RETURN_TYPE = YES_ERROR;
				GCC_WARN_UNDECLARED_SELECTOR = YES;
				GCC_WARN_UNINITIALIZED_AUTOS = YES_AGGRESSIVE;
				GCC_WARN_UNUSED_FUNCTION = YES;
				GCC_WARN_UNUSED_VARIABLE = YES;
				IPHONEOS_DEPLOYMENT_TARGET = 14.0;
				MTL_ENABLE_DEBUG_INFO = INCLUDE_SOURCE;
				MTL_FAST_MATH = YES;
				ONLY_ACTIVE_ARCH = YES;
				SDKROOT = iphoneos;
				SWIFT_ACTIVE_COMPILATION_CONDITIONS = DEBUG;
				SWIFT_OPTIMIZATION_LEVEL = "-Onone";
			};
			name = Debug;
		};
		4005553D25AC50C50063AFAB /* Release */ = {
			isa = XCBuildConfiguration;
			buildSettings = {
				ALWAYS_SEARCH_USER_PATHS = NO;
				CLANG_ANALYZER_NONNULL = YES;
				CLANG_ANALYZER_NUMBER_OBJECT_CONVERSION = YES_AGGRESSIVE;
				CLANG_CXX_LANGUAGE_STANDARD = "gnu++14";
				CLANG_CXX_LIBRARY = "libc++";
				CLANG_ENABLE_MODULES = YES;
				CLANG_ENABLE_OBJC_ARC = YES;
				CLANG_ENABLE_OBJC_WEAK = YES;
				CLANG_WARN_BLOCK_CAPTURE_AUTORELEASING = YES;
				CLANG_WARN_BOOL_CONVERSION = YES;
				CLANG_WARN_COMMA = YES;
				CLANG_WARN_CONSTANT_CONVERSION = YES;
				CLANG_WARN_DEPRECATED_OBJC_IMPLEMENTATIONS = YES;
				CLANG_WARN_DIRECT_OBJC_ISA_USAGE = YES_ERROR;
				CLANG_WARN_DOCUMENTATION_COMMENTS = YES;
				CLANG_WARN_EMPTY_BODY = YES;
				CLANG_WARN_ENUM_CONVERSION = YES;
				CLANG_WARN_INFINITE_RECURSION = YES;
				CLANG_WARN_INT_CONVERSION = YES;
				CLANG_WARN_NON_LITERAL_NULL_CONVERSION = YES;
				CLANG_WARN_OBJC_IMPLICIT_RETAIN_SELF = YES;
				CLANG_WARN_OBJC_LITERAL_CONVERSION = YES;
				CLANG_WARN_OBJC_ROOT_CLASS = YES_ERROR;
				CLANG_WARN_QUOTED_INCLUDE_IN_FRAMEWORK_HEADER = YES;
				CLANG_WARN_RANGE_LOOP_ANALYSIS = YES;
				CLANG_WARN_STRICT_PROTOTYPES = YES;
				CLANG_WARN_SUSPICIOUS_MOVE = YES;
				CLANG_WARN_UNGUARDED_AVAILABILITY = YES_AGGRESSIVE;
				CLANG_WARN_UNREACHABLE_CODE = YES;
				CLANG_WARN__DUPLICATE_METHOD_MATCH = YES;
				COPY_PHASE_STRIP = NO;
				DEBUG_INFORMATION_FORMAT = "dwarf-with-dsym";
				ENABLE_NS_ASSERTIONS = NO;
				ENABLE_STRICT_OBJC_MSGSEND = YES;
				GCC_C_LANGUAGE_STANDARD = gnu11;
				GCC_NO_COMMON_BLOCKS = YES;
				GCC_WARN_64_TO_32_BIT_CONVERSION = YES;
				GCC_WARN_ABOUT_RETURN_TYPE = YES_ERROR;
				GCC_WARN_UNDECLARED_SELECTOR = YES;
				GCC_WARN_UNINITIALIZED_AUTOS = YES_AGGRESSIVE;
				GCC_WARN_UNUSED_FUNCTION = YES;
				GCC_WARN_UNUSED_VARIABLE = YES;
				IPHONEOS_DEPLOYMENT_TARGET = 14.0;
				MTL_ENABLE_DEBUG_INFO = NO;
				MTL_FAST_MATH = YES;
				SDKROOT = iphoneos;
				SWIFT_COMPILATION_MODE = wholemodule;
				SWIFT_OPTIMIZATION_LEVEL = "-O";
				VALIDATE_PRODUCT = YES;
			};
			name = Release;
		};
		4005553F25AC50C50063AFAB /* Debug */ = {
			isa = XCBuildConfiguration;
			buildSettings = {
				ASSETCATALOG_COMPILER_APPICON_NAME = AppIcon;
				ASSETCATALOG_COMPILER_GLOBAL_ACCENT_COLOR_NAME = AccentColor;
				CODE_SIGN_STYLE = Automatic;
				INFOPLIST_FILE = plannerAPP/Info.plist;
				LD_RUNPATH_SEARCH_PATHS = (
					"$(inherited)",
					"@executable_path/Frameworks",
				);
				PRODUCT_BUNDLE_IDENTIFIER = "com.youssef-t.plannerAPP";
				PRODUCT_NAME = "$(TARGET_NAME)";
				SWIFT_VERSION = 5.0;
				TARGETED_DEVICE_FAMILY = "1,2";
			};
			name = Debug;
		};
		4005554025AC50C50063AFAB /* Release */ = {
			isa = XCBuildConfiguration;
			buildSettings = {
				ASSETCATALOG_COMPILER_APPICON_NAME = AppIcon;
				ASSETCATALOG_COMPILER_GLOBAL_ACCENT_COLOR_NAME = AccentColor;
				CODE_SIGN_STYLE = Automatic;
				INFOPLIST_FILE = plannerAPP/Info.plist;
				LD_RUNPATH_SEARCH_PATHS = (
					"$(inherited)",
					"@executable_path/Frameworks",
				);
				PRODUCT_BUNDLE_IDENTIFIER = "com.youssef-t.plannerAPP";
				PRODUCT_NAME = "$(TARGET_NAME)";
				SWIFT_VERSION = 5.0;
				TARGETED_DEVICE_FAMILY = "1,2";
			};
			name = Release;
		};
/* End XCBuildConfiguration section */

/* Begin XCConfigurationList section */
		4005552225AC50C30063AFAB /* Build configuration list for PBXProject "plannerAPP" */ = {
			isa = XCConfigurationList;
			buildConfigurations = (
				4005553C25AC50C50063AFAB /* Debug */,
				4005553D25AC50C50063AFAB /* Release */,
			);
			defaultConfigurationIsVisible = 0;
			defaultConfigurationName = Release;
		};
		4005553E25AC50C50063AFAB /* Build configuration list for PBXNativeTarget "plannerAPP" */ = {
			isa = XCConfigurationList;
			buildConfigurations = (
				4005553F25AC50C50063AFAB /* Debug */,
				4005554025AC50C50063AFAB /* Release */,
			);
			defaultConfigurationIsVisible = 0;
			defaultConfigurationName = Release;
		};
/* End XCConfigurationList section */

/* Begin XCVersionGroup section */
		4005553325AC50C30063AFAB /* plannerAPP.xcdatamodeld */ = {
			isa = XCVersionGroup;
			children = (
				4005553425AC50C30063AFAB /* plannerAPP.xcdatamodel */,
			);
			currentVersion = 4005553425AC50C30063AFAB /* plannerAPP.xcdatamodel */;
			path = plannerAPP.xcdatamodeld;
			sourceTree = "<group>";
			versionGroupType = wrapper.xcdatamodel;
		};
/* End XCVersionGroup section */
	};
	rootObject = 4005551F25AC50C30063AFAB /* Project object */;
}
