// !$*UTF8*$!
{
	archiveVersion = 1;
	classes = {
	};
	objectVersion = 50;
	objects = {

/* Begin PBXBuildFile section */
		4005557325AC52920063AFAB /* AppDelegate.swift in Sources */ = {isa = PBXBuildFile; fileRef = 4005557225AC52920063AFAB /* AppDelegate.swift */; };
		4005557525AC52920063AFAB /* SceneDelegate.swift in Sources */ = {isa = PBXBuildFile; fileRef = 4005557425AC52920063AFAB /* SceneDelegate.swift */; };
		4005557725AC52920063AFAB /* ViewController.swift in Sources */ = {isa = PBXBuildFile; fileRef = 4005557625AC52920063AFAB /* ViewController.swift */; };
		4005557A25AC52920063AFAB /* Main.storyboard in Resources */ = {isa = PBXBuildFile; fileRef = 4005557825AC52920063AFAB /* Main.storyboard */; };
		4005557D25AC52920063AFAB /* test_data_core.xcdatamodeld in Sources */ = {isa = PBXBuildFile; fileRef = 4005557B25AC52920063AFAB /* test_data_core.xcdatamodeld */; };
		4005557F25AC52940063AFAB /* Assets.xcassets in Resources */ = {isa = PBXBuildFile; fileRef = 4005557E25AC52940063AFAB /* Assets.xcassets */; };
		4005558225AC52940063AFAB /* LaunchScreen.storyboard in Resources */ = {isa = PBXBuildFile; fileRef = 4005558025AC52940063AFAB /* LaunchScreen.storyboard */; };
/* End PBXBuildFile section */

/* Begin PBXFileReference section */
		4005556F25AC52920063AFAB /* test-data-core.app */ = {isa = PBXFileReference; explicitFileType = wrapper.application; includeInIndex = 0; path = "test-data-core.app"; sourceTree = BUILT_PRODUCTS_DIR; };
		4005557225AC52920063AFAB /* AppDelegate.swift */ = {isa = PBXFileReference; lastKnownFileType = sourcecode.swift; path = AppDelegate.swift; sourceTree = "<group>"; };
		4005557425AC52920063AFAB /* SceneDelegate.swift */ = {isa = PBXFileReference; lastKnownFileType = sourcecode.swift; path = SceneDelegate.swift; sourceTree = "<group>"; };
		4005557625AC52920063AFAB /* ViewController.swift */ = {isa = PBXFileReference; lastKnownFileType = sourcecode.swift; path = ViewController.swift; sourceTree = "<group>"; };
		4005557925AC52920063AFAB /* Base */ = {isa = PBXFileReference; lastKnownFileType = file.storyboard; name = Base; path = Base.lproj/Main.storyboard; sourceTree = "<group>"; };
		4005557C25AC52920063AFAB /* test_data_core.xcdatamodel */ = {isa = PBXFileReference; lastKnownFileType = wrapper.xcdatamodel; path = test_data_core.xcdatamodel; sourceTree = "<group>"; };
		4005557E25AC52940063AFAB /* Assets.xcassets */ = {isa = PBXFileReference; lastKnownFileType = folder.assetcatalog; path = Assets.xcassets; sourceTree = "<group>"; };
		4005558125AC52940063AFAB /* Base */ = {isa = PBXFileReference; lastKnownFileType = file.storyboard; name = Base; path = Base.lproj/LaunchScreen.storyboard; sourceTree = "<group>"; };
		4005558325AC52940063AFAB /* Info.plist */ = {isa = PBXFileReference; lastKnownFileType = text.plist.xml; path = Info.plist; sourceTree = "<group>"; };
/* End PBXFileReference section */

/* Begin PBXFrameworksBuildPhase section */
		4005556C25AC52920063AFAB /* Frameworks */ = {
			isa = PBXFrameworksBuildPhase;
			buildActionMask = 2147483647;
			files = (
			);
			runOnlyForDeploymentPostprocessing = 0;
		};
/* End PBXFrameworksBuildPhase section */

/* Begin PBXGroup section */
		4005556625AC52920063AFAB = {
			isa = PBXGroup;
			children = (
				4005557125AC52920063AFAB /* test-data-core */,
				4005557025AC52920063AFAB /* Products */,
			);
			sourceTree = "<group>";
		};
		4005557025AC52920063AFAB /* Products */ = {
			isa = PBXGroup;
			children = (
				4005556F25AC52920063AFAB /* test-data-core.app */,
			);
			name = Products;
			sourceTree = "<group>";
		};
		4005557125AC52920063AFAB /* test-data-core */ = {
			isa = PBXGroup;
			children = (
				4005557225AC52920063AFAB /* AppDelegate.swift */,
				4005557425AC52920063AFAB /* SceneDelegate.swift */,
				4005557625AC52920063AFAB /* ViewController.swift */,
				4005557825AC52920063AFAB /* Main.storyboard */,
				4005557E25AC52940063AFAB /* Assets.xcassets */,
				4005558025AC52940063AFAB /* LaunchScreen.storyboard */,
				4005558325AC52940063AFAB /* Info.plist */,
				4005557B25AC52920063AFAB /* test_data_core.xcdatamodeld */,
			);
			path = "test-data-core";
			sourceTree = "<group>";
		};
/* End PBXGroup section */

/* Begin PBXNativeTarget section */
		4005556E25AC52920063AFAB /* test-data-core */ = {
			isa = PBXNativeTarget;
			buildConfigurationList = 4005558625AC52940063AFAB /* Build configuration list for PBXNativeTarget "test-data-core" */;
			buildPhases = (
				4005556B25AC52920063AFAB /* Sources */,
				4005556C25AC52920063AFAB /* Frameworks */,
				4005556D25AC52920063AFAB /* Resources */,
			);
			buildRules = (
			);
			dependencies = (
			);
			name = "test-data-core";
			productName = "test-data-core";
			productReference = 4005556F25AC52920063AFAB /* test-data-core.app */;
			productType = "com.apple.product-type.application";
		};
/* End PBXNativeTarget section */

/* Begin PBXProject section */
		4005556725AC52920063AFAB /* Project object */ = {
			isa = PBXProject;
			attributes = {
				LastSwiftUpdateCheck = 1200;
				LastUpgradeCheck = 1200;
				TargetAttributes = {
					4005556E25AC52920063AFAB = {
						CreatedOnToolsVersion = 12.0.1;
					};
				};
			};
			buildConfigurationList = 4005556A25AC52920063AFAB /* Build configuration list for PBXProject "test-data-core" */;
			compatibilityVersion = "Xcode 9.3";
			developmentRegion = en;
			hasScannedForEncodings = 0;
			knownRegions = (
				en,
				Base,
			);
			mainGroup = 4005556625AC52920063AFAB;
			productRefGroup = 4005557025AC52920063AFAB /* Products */;
			projectDirPath = "";
			projectRoot = "";
			targets = (
				4005556E25AC52920063AFAB /* test-data-core */,
			);
		};
/* End PBXProject section */

/* Begin PBXResourcesBuildPhase section */
		4005556D25AC52920063AFAB /* Resources */ = {
			isa = PBXResourcesBuildPhase;
			buildActionMask = 2147483647;
			files = (
				4005558225AC52940063AFAB /* LaunchScreen.storyboard in Resources */,
				4005557F25AC52940063AFAB /* Assets.xcassets in Resources */,
				4005557A25AC52920063AFAB /* Main.storyboard in Resources */,
			);
			runOnlyForDeploymentPostprocessing = 0;
		};
/* End PBXResourcesBuildPhase section */

/* Begin PBXSourcesBuildPhase section */
		4005556B25AC52920063AFAB /* Sources */ = {
			isa = PBXSourcesBuildPhase;
			buildActionMask = 2147483647;
			files = (
				4005557D25AC52920063AFAB /* test_data_core.xcdatamodeld in Sources */,
				4005557725AC52920063AFAB /* ViewController.swift in Sources */,
				4005557325AC52920063AFAB /* AppDelegate.swift in Sources */,
				4005557525AC52920063AFAB /* SceneDelegate.swift in Sources */,
			);
			runOnlyForDeploymentPostprocessing = 0;
		};
/* End PBXSourcesBuildPhase section */

/* Begin PBXVariantGroup section */
		4005557825AC52920063AFAB /* Main.storyboard */ = {
			isa = PBXVariantGroup;
			children = (
				4005557925AC52920063AFAB /* Base */,
			);
			name = Main.storyboard;
			sourceTree = "<group>";
		};
		4005558025AC52940063AFAB /* LaunchScreen.storyboard */ = {
			isa = PBXVariantGroup;
			children = (
				4005558125AC52940063AFAB /* Base */,
			);
			name = LaunchScreen.storyboard;
			sourceTree = "<group>";
		};
/* End PBXVariantGroup section */

/* Begin XCBuildConfiguration section */
		4005558425AC52940063AFAB /* Debug */ = {
			isa = XCBuildConfiguration;
			buildSettings = {
				ALWAYS_SEARCH_USER_PATHS = NO;
				CLANG_ANALYZER_NONNULL = YES;
				CLANG_ANALYZER_NUMBER_OBJECT_CONVERSION = YES_AGGRESSIVE;
				CLANG_CXX_LANGUAGE_STANDARD = "gnu++14";
				CLANG_CXX_LIBRARY = "libc++";
				CLANG_ENABLE_MODULES = YES;
				CLANG_ENABLE_OBJC_ARC = YES;
				CLANG_ENABLE_OBJC_WEAK = YES;
				CLANG_WARN_BLOCK_CAPTURE_AUTORELEASING = YES;
				CLANG_WARN_BOOL_CONVERSION = YES;
				CLANG_WARN_COMMA = YES;
				CLANG_WARN_CONSTANT_CONVERSION = YES;
				CLANG_WARN_DEPRECATED_OBJC_IMPLEMENTATIONS = YES;
				CLANG_WARN_DIRECT_OBJC_ISA_USAGE = YES_ERROR;
				CLANG_WARN_DOCUMENTATION_COMMENTS = YES;
				CLANG_WARN_EMPTY_BODY = YES;
				CLANG_WARN_ENUM_CONVERSION = YES;
				CLANG_WARN_INFINITE_RECURSION = YES;
				CLANG_WARN_INT_CONVERSION = YES;
				CLANG_WARN_NON_LITERAL_NULL_CONVERSION = YES;
				CLANG_WARN_OBJC_IMPLICIT_RETAIN_SELF = YES;
				CLANG_WARN_OBJC_LITERAL_CONVERSION = YES;
				CLANG_WARN_OBJC_ROOT_CLASS = YES_ERROR;
				CLANG_WARN_QUOTED_INCLUDE_IN_FRAMEWORK_HEADER = YES;
				CLANG_WARN_RANGE_LOOP_ANALYSIS = YES;
				CLANG_WARN_STRICT_PROTOTYPES = YES;
				CLANG_WARN_SUSPICIOUS_MOVE = YES;
				CLANG_WARN_UNGUARDED_AVAILABILITY = YES_AGGRESSIVE;
				CLANG_WARN_UNREACHABLE_CODE = YES;
				CLANG_WARN__DUPLICATE_METHOD_MATCH = YES;
				COPY_PHASE_STRIP = NO;
				DEBUG_INFORMATION_FORMAT = dwarf;
				ENABLE_STRICT_OBJC_MSGSEND = YES;
				ENABLE_TESTABILITY = YES;
				GCC_C_LANGUAGE_STANDARD = gnu11;
				GCC_DYNAMIC_NO_PIC = NO;
				GCC_NO_COMMON_BLOCKS = YES;
				GCC_OPTIMIZATION_LEVEL = 0;
				GCC_PREPROCESSOR_DEFINITIONS = (
					"DEBUG=1",
					"$(inherited)",
				);
				GCC_WARN_64_TO_32_BIT_CONVERSION = YES;
				GCC_WARN_ABOUT_RETURN_TYPE = YES_ERROR;
				GCC_WARN_UNDECLARED_SELECTOR = YES;
				GCC_WARN_UNINITIALIZED_AUTOS = YES_AGGRESSIVE;
				GCC_WARN_UNUSED_FUNCTION = YES;
				GCC_WARN_UNUSED_VARIABLE = YES;
				IPHONEOS_DEPLOYMENT_TARGET = 14.0;
				MTL_ENABLE_DEBUG_INFO = INCLUDE_SOURCE;
				MTL_FAST_MATH = YES;
				ONLY_ACTIVE_ARCH = YES;
				SDKROOT = iphoneos;
				SWIFT_ACTIVE_COMPILATION_CONDITIONS = DEBUG;
				SWIFT_OPTIMIZATION_LEVEL = "-Onone";
			};
			name = Debug;
		};
		4005558525AC52940063AFAB /* Release */ = {
			isa = XCBuildConfiguration;
			buildSettings = {
				ALWAYS_SEARCH_USER_PATHS = NO;
				CLANG_ANALYZER_NONNULL = YES;
				CLANG_ANALYZER_NUMBER_OBJECT_CONVERSION = YES_AGGRESSIVE;
				CLANG_CXX_LANGUAGE_STANDARD = "gnu++14";
				CLANG_CXX_LIBRARY = "libc++";
				CLANG_ENABLE_MODULES = YES;
				CLANG_ENABLE_OBJC_ARC = YES;
				CLANG_ENABLE_OBJC_WEAK = YES;
				CLANG_WARN_BLOCK_CAPTURE_AUTORELEASING = YES;
				CLANG_WARN_BOOL_CONVERSION = YES;
				CLANG_WARN_COMMA = YES;
				CLANG_WARN_CONSTANT_CONVERSION = YES;
				CLANG_WARN_DEPRECATED_OBJC_IMPLEMENTATIONS = YES;
				CLANG_WARN_DIRECT_OBJC_ISA_USAGE = YES_ERROR;
				CLANG_WARN_DOCUMENTATION_COMMENTS = YES;
				CLANG_WARN_EMPTY_BODY = YES;
				CLANG_WARN_ENUM_CONVERSION = YES;
				CLANG_WARN_INFINITE_RECURSION = YES;
				CLANG_WARN_INT_CONVERSION = YES;
				CLANG_WARN_NON_LITERAL_NULL_CONVERSION = YES;
				CLANG_WARN_OBJC_IMPLICIT_RETAIN_SELF = YES;
				CLANG_WARN_OBJC_LITERAL_CONVERSION = YES;
				CLANG_WARN_OBJC_ROOT_CLASS = YES_ERROR;
				CLANG_WARN_QUOTED_INCLUDE_IN_FRAMEWORK_HEADER = YES;
				CLANG_WARN_RANGE_LOOP_ANALYSIS = YES;
				CLANG_WARN_STRICT_PROTOTYPES = YES;
				CLANG_WARN_SUSPICIOUS_MOVE = YES;
				CLANG_WARN_UNGUARDED_AVAILABILITY = YES_AGGRESSIVE;
				CLANG_WARN_UNREACHABLE_CODE = YES;
				CLANG_WARN__DUPLICATE_METHOD_MATCH = YES;
				COPY_PHASE_STRIP = NO;
				DEBUG_INFORMATION_FORMAT = "dwarf-with-dsym";
				ENABLE_NS_ASSERTIONS = NO;
				ENABLE_STRICT_OBJC_MSGSEND = YES;
				GCC_C_LANGUAGE_STANDARD = gnu11;
				GCC_NO_COMMON_BLOCKS = YES;
				GCC_WARN_64_TO_32_BIT_CONVERSION = YES;
				GCC_WARN_ABOUT_RETURN_TYPE = YES_ERROR;
				GCC_WARN_UNDECLARED_SELECTOR = YES;
				GCC_WARN_UNINITIALIZED_AUTOS = YES_AGGRESSIVE;
				GCC_WARN_UNUSED_FUNCTION = YES;
				GCC_WARN_UNUSED_VARIABLE = YES;
				IPHONEOS_DEPLOYMENT_TARGET = 14.0;
				MTL_ENABLE_DEBUG_INFO = NO;
				MTL_FAST_MATH = YES;
				SDKROOT = iphoneos;
				SWIFT_COMPILATION_MODE = wholemodule;
				SWIFT_OPTIMIZATION_LEVEL = "-O";
				VALIDATE_PRODUCT = YES;
			};
			name = Release;
		};
		4005558725AC52940063AFAB /* Debug */ = {
			isa = XCBuildConfiguration;
			buildSettings = {
				ASSETCATALOG_COMPILER_APPICON_NAME = AppIcon;
				ASSETCATALOG_COMPILER_GLOBAL_ACCENT_COLOR_NAME = AccentColor;
				CODE_SIGN_STYLE = Automatic;
				INFOPLIST_FILE = "test-data-core/Info.plist";
				LD_RUNPATH_SEARCH_PATHS = (
					"$(inherited)",
					"@executable_path/Frameworks",
				);
				PRODUCT_BUNDLE_IDENTIFIER = "com.youssef-t.test-data-core";
				PRODUCT_NAME = "$(TARGET_NAME)";
				SWIFT_VERSION = 5.0;
				TARGETED_DEVICE_FAMILY = "1,2";
			};
			name = Debug;
		};
		4005558825AC52940063AFAB /* Release */ = {
			isa = XCBuildConfiguration;
			buildSettings = {
				ASSETCATALOG_COMPILER_APPICON_NAME = AppIcon;
				ASSETCATALOG_COMPILER_GLOBAL_ACCENT_COLOR_NAME = AccentColor;
				CODE_SIGN_STYLE = Automatic;
				INFOPLIST_FILE = "test-data-core/Info.plist";
				LD_RUNPATH_SEARCH_PATHS = (
					"$(inherited)",
					"@executable_path/Frameworks",
				);
				PRODUCT_BUNDLE_IDENTIFIER = "com.youssef-t.test-data-core";
				PRODUCT_NAME = "$(TARGET_NAME)";
				SWIFT_VERSION = 5.0;
				TARGETED_DEVICE_FAMILY = "1,2";
			};
			name = Release;
		};
/* End XCBuildConfiguration section */

/* Begin XCConfigurationList section */
		4005556A25AC52920063AFAB /* Build configuration list for PBXProject "test-data-core" */ = {
			isa = XCConfigurationList;
			buildConfigurations = (
				4005558425AC52940063AFAB /* Debug */,
				4005558525AC52940063AFAB /* Release */,
			);
			defaultConfigurationIsVisible = 0;
			defaultConfigurationName = Release;
		};
		4005558625AC52940063AFAB /* Build configuration list for PBXNativeTarget "test-data-core" */ = {
			isa = XCConfigurationList;
			buildConfigurations = (
				4005558725AC52940063AFAB /* Debug */,
				4005558825AC52940063AFAB /* Release */,
			);
			defaultConfigurationIsVisible = 0;
			defaultConfigurationName = Release;
		};
/* End XCConfigurationList section */

/* Begin XCVersionGroup section */
		4005557B25AC52920063AFAB /* test_data_core.xcdatamodeld */ = {
			isa = XCVersionGroup;
			children = (
				4005557C25AC52920063AFAB /* test_data_core.xcdatamodel */,
			);
			currentVersion = 4005557C25AC52920063AFAB /* test_data_core.xcdatamodel */;
			path = test_data_core.xcdatamodeld;
			sourceTree = "<group>";
			versionGroupType = wrapper.xcdatamodel;
		};
/* End XCVersionGroup section */
	};
	rootObject = 4005556725AC52920063AFAB /* Project object */;
}
